
Microsoft Visual Studio Solution File, Format Version 12.00
# Visual Studio Version 16
VisualStudioVersion = 16.0.29324.140
MinimumVisualStudioVersion = 10.0.40219.1
Project("{FAE04EC0-301F-11D3-BF4B-00C04F79EFBC}") = "ManutencaoQuiminvest.Model", "ManutencaoQuiminvest\ManutencaoQuiminvest.Model.csproj", "{0EDA1E6B-5EA0-4142-B549-C0886F697375}"
EndProject
Project("{FAE04EC0-301F-11D3-BF4B-00C04F79EFBC}") = "ManutencaoQuiminvest.View", "ManutencaoQuiminvest.View\ManutencaoQuiminvest.View.csproj", "{8D1E87E6-77D9-4980-8917-00130C518967}"
EndProject
Global
	GlobalSection(SolutionConfigurationPlatforms) = preSolution
		Debug|Any CPU = Debug|Any CPU
		Release|Any CPU = Release|Any CPU
	EndGlobalSection
	GlobalSection(ProjectConfigurationPlatforms) = postSolution
		{0EDA1E6B-5EA0-4142-B549-C0886F697375}.Debug|Any CPU.ActiveCfg = Debug|Any CPU
		{0EDA1E6B-5EA0-4142-B549-C0886F697375}.Debug|Any CPU.Build.0 = Debug|Any CPU
		{0EDA1E6B-5EA0-4142-B549-C0886F697375}.Release|Any CPU.ActiveCfg = Release|Any CPU
		{0EDA1E6B-5EA0-4142-B549-C0886F697375}.Release|Any CPU.Build.0 = Release|Any CPU
		{8D1E87E6-77D9-4980-8917-00130C518967}.Debug|Any CPU.ActiveCfg = Debug|Any CPU
		{8D1E87E6-77D9-4980-8917-00130C518967}.Debug|Any CPU.Build.0 = Debug|Any CPU
		{8D1E87E6-77D9-4980-8917-00130C518967}.Release|Any CPU.ActiveCfg = Release|Any CPU
		{8D1E87E6-77D9-4980-8917-00130C518967}.Release|Any CPU.Build.0 = Release|Any CPU
	EndGlobalSection
	GlobalSection(SolutionProperties) = preSolution
		HideSolutionNode = FALSE
	EndGlobalSection
	GlobalSection(ExtensibilityGlobals) = postSolution
		SolutionGuid = {1E00ECD7-8A20-4D7A-AA0B-2E917EF28AA7}
	EndGlobalSection
EndGlobal
