
Microsoft Visual Studio Solution File, Format Version 12.00
# Visual Studio 15
VisualStudioVersion = 15.0.27428.2005
MinimumVisualStudioVersion = 10.0.40219.1
Project("{FAE04EC0-301F-11D3-BF4B-00C04F79EFBC}") = "AEDB.LOCADORA.VIEW", "AEDB.LOCADORA.VIEW\AEDB.LOCADORA.VIEW.csproj", "{2CD9AE54-E50C-471F-84B4-3D5C988736CC}"
EndProject
Project("{FAE04EC0-301F-11D3-BF4B-00C04F79EFBC}") = "AEDB.LOCADORA.MODEL", "AEDB.LOCADORA.MODEL\AEDB.LOCADORA.MODEL.csproj", "{B354D80D-CA8A-40B9-96D2-CC1ACA6C40B3}"
EndProject
Global
	GlobalSection(SolutionConfigurationPlatforms) = preSolution
		Debug|Any CPU = Debug|Any CPU
		Release|Any CPU = Release|Any CPU
	EndGlobalSection
	GlobalSection(ProjectConfigurationPlatforms) = postSolution
		{2CD9AE54-E50C-471F-84B4-3D5C988736CC}.Debug|Any CPU.ActiveCfg = Debug|Any CPU
		{2CD9AE54-E50C-471F-84B4-3D5C988736CC}.Debug|Any CPU.Build.0 = Debug|Any CPU
		{2CD9AE54-E50C-471F-84B4-3D5C988736CC}.Release|Any CPU.ActiveCfg = Release|Any CPU
		{2CD9AE54-E50C-471F-84B4-3D5C988736CC}.Release|Any CPU.Build.0 = Release|Any CPU
		{B354D80D-CA8A-40B9-96D2-CC1ACA6C40B3}.Debug|Any CPU.ActiveCfg = Debug|Any CPU
		{B354D80D-CA8A-40B9-96D2-CC1ACA6C40B3}.Debug|Any CPU.Build.0 = Debug|Any CPU
		{B354D80D-CA8A-40B9-96D2-CC1ACA6C40B3}.Release|Any CPU.ActiveCfg = Release|Any CPU
		{B354D80D-CA8A-40B9-96D2-CC1ACA6C40B3}.Release|Any CPU.Build.0 = Release|Any CPU
	EndGlobalSection
	GlobalSection(SolutionProperties) = preSolution
		HideSolutionNode = FALSE
	EndGlobalSection
	GlobalSection(ExtensibilityGlobals) = postSolution
		SolutionGuid = {51A6EFEE-EB53-43D2-9427-F31ADEE64CA7}
	EndGlobalSection
EndGlobal
